
Microsoft Visual Studio Solution File, Format Version 12.00
# Visual Studio 15
Project("{FAE04EC0-301F-11D3-BF4B-00C04F79EFBC}") = "MagicalRobot", "Assembly-CSharp.csproj", "{93193BA4-E94A-0D35-0A4C-CF859B9EB54B}"
EndProject
Project("{FAE04EC0-301F-11D3-BF4B-00C04F79EFBC}") = "MagicalRobot", "Assembly-CSharp-Editor.csproj", "{3FCAA091-F9BA-650D-A9D7-2A4A81C8DB6B}"
EndProject
Global
	GlobalSection(SolutionConfigurationPlatforms) = preSolution
		Debug|Any CPU = Debug|Any CPU
		Release|Any CPU = Release|Any CPU
	EndGlobalSection
	GlobalSection(ProjectConfigurationPlatforms) = postSolution
		{93193BA4-E94A-0D35-0A4C-CF859B9EB54B}.Debug|Any CPU.ActiveCfg = Debug|Any CPU
		{93193BA4-E94A-0D35-0A4C-CF859B9EB54B}.Debug|Any CPU.Build.0 = Debug|Any CPU
		{93193BA4-E94A-0D35-0A4C-CF859B9EB54B}.Release|Any CPU.ActiveCfg = Release|Any CPU
		{93193BA4-E94A-0D35-0A4C-CF859B9EB54B}.Release|Any CPU.Build.0 = Release|Any CPU
		{3FCAA091-F9BA-650D-A9D7-2A4A81C8DB6B}.Debug|Any CPU.ActiveCfg = Debug|Any CPU
		{3FCAA091-F9BA-650D-A9D7-2A4A81C8DB6B}.Debug|Any CPU.Build.0 = Debug|Any CPU
		{3FCAA091-F9BA-650D-A9D7-2A4A81C8DB6B}.Release|Any CPU.ActiveCfg = Release|Any CPU
		{3FCAA091-F9BA-650D-A9D7-2A4A81C8DB6B}.Release|Any CPU.Build.0 = Release|Any CPU
	EndGlobalSection
	GlobalSection(SolutionProperties) = preSolution
		HideSolutionNode = FALSE
	EndGlobalSection
EndGlobal
